PODS:
  - Firebase (5.11.0):
    - Firebase/Core (= 5.11.0)
  - Firebase/Core (5.11.0):
    - Firebase/CoreOnly
    - FirebaseAnalytics (= 5.3.0)
  - Firebase/CoreOnly (5.11.0):
    - FirebaseCore (= 5.1.6)
  - FirebaseAnalytics (5.3.0):
    - FirebaseCore (~> 5.1)
    - FirebaseInstanceID (~> 3.3)
    - GoogleAppMeasurement (~> 5.3)
    - GoogleUtilities/AppDelegateSwizzler (~> 5.2)
    - GoogleUtilities/MethodSwizzler (~> 5.2)
    - GoogleUtilities/Network (~> 5.2)
    - GoogleUtilities/NSData+zlib (~> 5.2)
    - nanopb (~> 0.3)
  - FirebaseCore (5.1.6):
    - GoogleUtilities/Logger (~> 5.2)
  - FirebaseInstanceID (3.3.0):
    - FirebaseCore (~> 5.1)
    - GoogleUtilities/Environment (~> 5.3)
    - GoogleUtilities/UserDefaults (~> 5.3)
  - GoogleAppMeasurement (5.3.0):
    - GoogleUtilities/AppDelegateSwizzler (~> 5.2)
    - GoogleUtilities/MethodSwizzler (~> 5.2)
    - GoogleUtilities/Network (~> 5.2)
    - GoogleUtilities/NSData+zlib (~> 5.2)
    - nanopb (~> 0.3)
  - GoogleUtilities/AppDelegateSwizzler (5.3.4):
    - GoogleUtilities/Environment
    - GoogleUtilities/Logger
    - GoogleUtilities/Network
  - GoogleUtilities/Environment (5.3.4)
  - GoogleUtilities/Logger (5.3.4):
    - GoogleUtilities/Environment
  - GoogleUtilities/MethodSwizzler (5.3.4):
    - GoogleUtilities/Logger
  - GoogleUtilities/Network (5.3.4):
    - GoogleUtilities/Logger
    - GoogleUtilities/NSData+zlib
    - GoogleUtilities/Reachability
  - GoogleUtilities/NSData+zlib (5.3.4)
  - GoogleUtilities/Reachability (5.3.4):
    - GoogleUtilities/Logger
  - GoogleUtilities/UserDefaults (5.3.4):
    - GoogleUtilities/Logger
  - MaterialComponents/AnimationTiming (68.0.0)
  - MaterialComponents/Palettes (68.0.0)
  - MaterialComponents/private/Application (68.0.0)
  - MaterialComponents/private/Math (68.0.0)
  - MaterialComponents/TextFields (68.0.0):
    - MaterialComponents/AnimationTiming
    - MaterialComponents/Palettes
    - MaterialComponents/private/Math
    - MaterialComponents/Typography
    - MDFInternationalization
  - MaterialComponents/Typography (68.0.0):
    - MaterialComponents/private/Application
    - MaterialComponents/private/Math
  - MDFInternationalization (1.1.0)
  - nanopb (0.3.901):
    - nanopb/decode (= 0.3.901)
    - nanopb/encode (= 0.3.901)
  - nanopb/decode (0.3.901)
  - nanopb/encode (0.3.901)
  - PINCache (2.3)

DEPENDENCIES:
  - Firebase
  - MaterialComponents/TextFields
  - PINCache

SPEC CHECKSUMS:
  Firebase: b48f9e653da971ecce5b8c749684bc8bb2d26bd3
  FirebaseAnalytics: 63202d2665de4e6adcbdce189135255d8b5962ba
  FirebaseCore: d16552f06821489ce1affe2e5e3e5593402ddfe3
  FirebaseInstanceID: e2fa4cb35ef5558c200f7f0ad8a53e212215f93e
  GoogleAppMeasurement: 5029d78f2b438bd30ffb44e6c558b57c21622727
  GoogleUtilities: abb092d2c12e817fa3e0e7b274987dd72fb86ec3
  MaterialComponents: 2f9ee23abfc633502026aa34e0bdc9a489e1d00d
  MDFInternationalization: b5b8626628abf026e630e5ebaeee563037712cbb
  nanopb: 2901f78ea1b7b4015c860c2fdd1ea2fee1a18d48
  PINCache: ce36ed282031b92fc7733ffe831f474ff80fddc2

PODFILE CHECKSUM: 42351aabd2d676a638923868ee1e55d36dcd6ea0

COCOAPODS: 1.4.0
